
Microsoft Visual Studio Solution File, Format Version 12.00
# Visual Studio Version 16
VisualStudioVersion = 16.0.30204.135
MinimumVisualStudioVersion = 10.0.40219.1
Project("{9A19103F-16F7-4668-BE54-9A1E7A4F7556}") = "DapperAtFirstGlance.UI", "src\DapperAtFirstGlance.UI\DapperAtFirstGlance.UI.csproj", "{D3724120-87BB-46E8-8C29-F22323581A3E}"
EndProject
Project("{FAE04EC0-301F-11D3-BF4B-00C04F79EFBC}") = "DapperAtFirstGlance.Tests", "tests\DapperAtFirstGlance.Tests\DapperAtFirstGlance.Tests.csproj", "{08A7589A-DA0C-4A3A-9B02-9ACB8B424557}"
EndProject
Project("{FAE04EC0-301F-11D3-BF4B-00C04F79EFBC}") = "DapperAtFirstGlance.Application", "src\DapperAtFirstGlance.Application\DapperAtFirstGlance.Application.csproj", "{99A6E961-577E-487F-99CE-B9C476D35708}"
EndProject
Project("{FAE04EC0-301F-11D3-BF4B-00C04F79EFBC}") = "DapperAtFirstGlance.Domain", "src\DapperAtFirstGlance.Domain\DapperAtFirstGlance.Domain.csproj", "{A560A43F-DA0A-433A-B723-61BF3F320E20}"
EndProject
Project("{FAE04EC0-301F-11D3-BF4B-00C04F79EFBC}") = "DapperAtFirstGlance.Infrastructure", "src\DapperAtFirstGlance.Infrastructure\DapperAtFirstGlance.Infrastructure.csproj", "{1CF0003F-81EB-4F24-A382-5036404773FF}"
EndProject
Global
	GlobalSection(SolutionConfigurationPlatforms) = preSolution
		Debug|Any CPU = Debug|Any CPU
		Release|Any CPU = Release|Any CPU
	EndGlobalSection
	GlobalSection(ProjectConfigurationPlatforms) = postSolution
		{D3724120-87BB-46E8-8C29-F22323581A3E}.Debug|Any CPU.ActiveCfg = Debug|Any CPU
		{D3724120-87BB-46E8-8C29-F22323581A3E}.Debug|Any CPU.Build.0 = Debug|Any CPU
		{D3724120-87BB-46E8-8C29-F22323581A3E}.Release|Any CPU.ActiveCfg = Release|Any CPU
		{D3724120-87BB-46E8-8C29-F22323581A3E}.Release|Any CPU.Build.0 = Release|Any CPU
		{08A7589A-DA0C-4A3A-9B02-9ACB8B424557}.Debug|Any CPU.ActiveCfg = Debug|Any CPU
		{08A7589A-DA0C-4A3A-9B02-9ACB8B424557}.Debug|Any CPU.Build.0 = Debug|Any CPU
		{08A7589A-DA0C-4A3A-9B02-9ACB8B424557}.Release|Any CPU.ActiveCfg = Release|Any CPU
		{08A7589A-DA0C-4A3A-9B02-9ACB8B424557}.Release|Any CPU.Build.0 = Release|Any CPU
		{99A6E961-577E-487F-99CE-B9C476D35708}.Debug|Any CPU.ActiveCfg = Debug|Any CPU
		{99A6E961-577E-487F-99CE-B9C476D35708}.Debug|Any CPU.Build.0 = Debug|Any CPU
		{99A6E961-577E-487F-99CE-B9C476D35708}.Release|Any CPU.ActiveCfg = Release|Any CPU
		{99A6E961-577E-487F-99CE-B9C476D35708}.Release|Any CPU.Build.0 = Release|Any CPU
		{A560A43F-DA0A-433A-B723-61BF3F320E20}.Debug|Any CPU.ActiveCfg = Debug|Any CPU
		{A560A43F-DA0A-433A-B723-61BF3F320E20}.Debug|Any CPU.Build.0 = Debug|Any CPU
		{A560A43F-DA0A-433A-B723-61BF3F320E20}.Release|Any CPU.ActiveCfg = Release|Any CPU
		{A560A43F-DA0A-433A-B723-61BF3F320E20}.Release|Any CPU.Build.0 = Release|Any CPU
		{1CF0003F-81EB-4F24-A382-5036404773FF}.Debug|Any CPU.ActiveCfg = Debug|Any CPU
		{1CF0003F-81EB-4F24-A382-5036404773FF}.Debug|Any CPU.Build.0 = Debug|Any CPU
		{1CF0003F-81EB-4F24-A382-5036404773FF}.Release|Any CPU.ActiveCfg = Release|Any CPU
		{1CF0003F-81EB-4F24-A382-5036404773FF}.Release|Any CPU.Build.0 = Release|Any CPU
	EndGlobalSection
	GlobalSection(SolutionProperties) = preSolution
		HideSolutionNode = FALSE
	EndGlobalSection
	GlobalSection(ExtensibilityGlobals) = postSolution
		SolutionGuid = {B4907F6D-A30F-4425-8912-66BF9A198412}
	EndGlobalSection
EndGlobal
